
Microsoft Visual Studio Solution File, Format Version 12.00
# Visual Studio 15
Project("{FAE04EC0-301F-11D3-BF4B-00C04F79EFBC}") = "UnityEngine.UI", "UnityEngine.UI.csproj", "{8852B237-26E4-4017-EF99-324ABF78E53B}"
EndProject
Project("{FAE04EC0-301F-11D3-BF4B-00C04F79EFBC}") = "ParadoxNotion", "ParadoxNotion.csproj", "{D4E22488-3D3E-0EAF-B972-FE4B764A4EEA}"
EndProject
Project("{FAE04EC0-301F-11D3-BF4B-00C04F79EFBC}") = "UnityEngine.TestRunner", "UnityEngine.TestRunner.csproj", "{30760632-3DCE-9C25-E6CD-152219D4FBA6}"
EndProject
Project("{FAE04EC0-301F-11D3-BF4B-00C04F79EFBC}") = "Assembly-CSharp", "Assembly-CSharp.csproj", "{E8520AD6-D521-FABA-37BC-83CE0C6B0C27}"
EndProject
Project("{FAE04EC0-301F-11D3-BF4B-00C04F79EFBC}") = "Unity.Mathematics", "Unity.Mathematics.csproj", "{8EB65612-F080-546C-480B-27917751C11C}"
EndProject
Project("{FAE04EC0-301F-11D3-BF4B-00C04F79EFBC}") = "Unity.InputSystem", "Unity.InputSystem.csproj", "{B7718836-507D-75B8-7EB3-B0E9ABB8F4BC}"
EndProject
Project("{FAE04EC0-301F-11D3-BF4B-00C04F79EFBC}") = "Unity.2D.Animation.Triangle.Runtime", "Unity.2D.Animation.Triangle.Runtime.csproj", "{6F1E5B09-F4D9-4750-C420-12352A604AC8}"
EndProject
Project("{FAE04EC0-301F-11D3-BF4B-00C04F79EFBC}") = "Unity.Timeline", "Unity.Timeline.csproj", "{237AB78E-FDA5-F43B-E03D-B70F3EC70637}"
EndProject
Project("{FAE04EC0-301F-11D3-BF4B-00C04F79EFBC}") = "Unity.TextMeshPro", "Unity.TextMeshPro.csproj", "{8AC4D93E-30C4-C718-124E-F10A8831FE02}"
EndProject
Project("{FAE04EC0-301F-11D3-BF4B-00C04F79EFBC}") = "Unity.2D.Animation.Runtime", "Unity.2D.Animation.Runtime.csproj", "{3744ECA6-5BD3-D670-5AB7-3040E1AC26F8}"
EndProject
Project("{FAE04EC0-301F-11D3-BF4B-00C04F79EFBC}") = "Unity.2D.IK.Runtime", "Unity.2D.IK.Runtime.csproj", "{9A2293B7-6CB0-6D84-C2DA-539F9B11DE1D}"
EndProject
Project("{FAE04EC0-301F-11D3-BF4B-00C04F79EFBC}") = "LeanPool", "LeanPool.csproj", "{FF5F0B74-CB8E-8BAE-3D8E-E8CE5365286A}"
EndProject
Project("{FAE04EC0-301F-11D3-BF4B-00C04F79EFBC}") = "Unity.2D.SpriteShape.Runtime", "Unity.2D.SpriteShape.Runtime.csproj", "{326FAEF8-AD3B-ED28-66CA-B1896A764A07}"
EndProject
Project("{FAE04EC0-301F-11D3-BF4B-00C04F79EFBC}") = "LeanCommon", "LeanCommon.csproj", "{A10737F8-F7B2-B1F0-0F42-7EFAA39FD0DD}"
EndProject
Project("{FAE04EC0-301F-11D3-BF4B-00C04F79EFBC}") = "Unity.2D.PixelPerfect", "Unity.2D.PixelPerfect.csproj", "{5A5D7748-C2E2-E21E-CC1C-27981CDFAE57}"
EndProject
Project("{FAE04EC0-301F-11D3-BF4B-00C04F79EFBC}") = "Unity.2D.Common.Runtime", "Unity.2D.Common.Runtime.csproj", "{D328E669-0768-FEFE-4D57-4531F37CA774}"
EndProject
Project("{FAE04EC0-301F-11D3-BF4B-00C04F79EFBC}") = "Unity.InternalAPIEngineBridge.001", "Unity.InternalAPIEngineBridge.001.csproj", "{A27838C7-E91C-9E72-5D79-0CD5A91860A1}"
EndProject
Project("{FAE04EC0-301F-11D3-BF4B-00C04F79EFBC}") = "Unity.Timeline.Editor", "Unity.Timeline.Editor.csproj", "{FD8CD86E-4F28-6B28-B153-262F8F680B38}"
EndProject
Project("{FAE04EC0-301F-11D3-BF4B-00C04F79EFBC}") = "Unity.TextMeshPro.Editor", "Unity.TextMeshPro.Editor.csproj", "{797E592E-0225-3E24-C709-112B7D6A59B4}"
EndProject
Project("{FAE04EC0-301F-11D3-BF4B-00C04F79EFBC}") = "Unity.CollabProxy.Editor", "Unity.CollabProxy.Editor.csproj", "{AACF9F79-4EBE-9D46-0D2D-D48CEC02BBF2}"
EndProject
Project("{FAE04EC0-301F-11D3-BF4B-00C04F79EFBC}") = "UnityEditor.TestRunner", "UnityEditor.TestRunner.csproj", "{5792077C-E55E-1827-687F-05E1E3B5595F}"
EndProject
Project("{FAE04EC0-301F-11D3-BF4B-00C04F79EFBC}") = "Unity.2D.Animation.Editor", "Unity.2D.Animation.Editor.csproj", "{7EB3FCEB-DB74-E1A2-E712-A9AFA2CF6FC6}"
EndProject
Project("{FAE04EC0-301F-11D3-BF4B-00C04F79EFBC}") = "UnityEditor.UI", "UnityEditor.UI.csproj", "{7A8F9A51-1F3E-FFDC-37BC-2FC097712862}"
EndProject
Project("{FAE04EC0-301F-11D3-BF4B-00C04F79EFBC}") = "Unity.VisualStudio.Editor", "Unity.VisualStudio.Editor.csproj", "{A0F54A7C-850C-05D6-4AA0-CD8E3AD1CDB5}"
EndProject
Project("{FAE04EC0-301F-11D3-BF4B-00C04F79EFBC}") = "Unity.2D.Psdimporter.Editor", "Unity.2D.Psdimporter.Editor.csproj", "{D8436E97-6FD0-51C9-DDA9-687053D0143E}"
EndProject
Project("{FAE04EC0-301F-11D3-BF4B-00C04F79EFBC}") = "Unity.2D.SpriteShape.Editor", "Unity.2D.SpriteShape.Editor.csproj", "{5826A04B-3EDC-953B-4D60-B086F15E184A}"
EndProject
Project("{FAE04EC0-301F-11D3-BF4B-00C04F79EFBC}") = "PsdPlugin", "PsdPlugin.csproj", "{DCE5ED29-42FD-C774-FC10-AC999ADEF01B}"
EndProject
Project("{FAE04EC0-301F-11D3-BF4B-00C04F79EFBC}") = "Unity.2D.Path.Editor", "Unity.2D.Path.Editor.csproj", "{CBB4DEDD-3BEA-9A97-482F-BA555F7E59FF}"
EndProject
Project("{FAE04EC0-301F-11D3-BF4B-00C04F79EFBC}") = "Assembly-CSharp-Editor", "Assembly-CSharp-Editor.csproj", "{22735709-23DC-40B5-6927-6D00F2F803A7}"
EndProject
Project("{FAE04EC0-301F-11D3-BF4B-00C04F79EFBC}") = "Unity.Rider.Editor", "Unity.Rider.Editor.csproj", "{EE4A23F5-E9DC-EEA1-B994-4D75C178E740}"
EndProject
Project("{FAE04EC0-301F-11D3-BF4B-00C04F79EFBC}") = "Unity.2D.IK.Editor", "Unity.2D.IK.Editor.csproj", "{FC69D19E-A358-35E5-93E0-198F8823EFA7}"
EndProject
Project("{FAE04EC0-301F-11D3-BF4B-00C04F79EFBC}") = "Unity.2D.Sprite.Editor", "Unity.2D.Sprite.Editor.csproj", "{0BC37EF8-3126-F95A-8109-818B1C65192C}"
EndProject
Project("{FAE04EC0-301F-11D3-BF4B-00C04F79EFBC}") = "Unity.2D.Tilemap.Editor", "Unity.2D.Tilemap.Editor.csproj", "{183039C1-310E-1F68-43CC-EB93A89F6AFC}"
EndProject
Project("{FAE04EC0-301F-11D3-BF4B-00C04F79EFBC}") = "Unity.2D.PixelPerfect.Editor", "Unity.2D.PixelPerfect.Editor.csproj", "{59C08396-2013-F8B6-7319-F56583077F57}"
EndProject
Project("{FAE04EC0-301F-11D3-BF4B-00C04F79EFBC}") = "Unity.VSCode.Editor", "Unity.VSCode.Editor.csproj", "{EE4729D1-ED30-E524-2DB3-91D3B4810ACA}"
EndProject
Project("{FAE04EC0-301F-11D3-BF4B-00C04F79EFBC}") = "Unity.2D.Common.Editor", "Unity.2D.Common.Editor.csproj", "{053A1339-3283-020B-2CD0-AC9029B39116}"
EndProject
Project("{FAE04EC0-301F-11D3-BF4B-00C04F79EFBC}") = "Unity.Mathematics.Editor", "Unity.Mathematics.Editor.csproj", "{56363A4D-EEBC-5876-E18C-F23BB8833EA2}"
EndProject
Project("{FAE04EC0-301F-11D3-BF4B-00C04F79EFBC}") = "Unity.InternalAPIEditorBridge.001", "Unity.InternalAPIEditorBridge.001.csproj", "{88F8809A-7E33-01B8-0FF7-A6E12E9DB91F}"
EndProject
Project("{FAE04EC0-301F-11D3-BF4B-00C04F79EFBC}") = "UnityEngine.UI", "UnityEngine.UI.Player.csproj", "{1D8AFB66-3B13-17A2-3CDA-978EB64ABC7A}"
EndProject
Project("{FAE04EC0-301F-11D3-BF4B-00C04F79EFBC}") = "ParadoxNotion", "ParadoxNotion.Player.csproj", "{6D70CACC-45F6-6C38-1062-570FC55CF7F7}"
EndProject
Project("{FAE04EC0-301F-11D3-BF4B-00C04F79EFBC}") = "UnityEngine.TestRunner", "UnityEngine.TestRunner.Player.csproj", "{35D89D64-AC83-1255-4182-991F1B755BA3}"
EndProject
Project("{FAE04EC0-301F-11D3-BF4B-00C04F79EFBC}") = "Assembly-CSharp", "Assembly-CSharp.Player.csproj", "{4E20C2CF-A771-CDBA-3A90-1BD006585D58}"
EndProject
Project("{FAE04EC0-301F-11D3-BF4B-00C04F79EFBC}") = "Unity.Mathematics", "Unity.Mathematics.Player.csproj", "{1C7C6371-0B94-0AC4-2E15-2BD291D060CB}"
EndProject
Project("{FAE04EC0-301F-11D3-BF4B-00C04F79EFBC}") = "Unity.InputSystem", "Unity.InputSystem.Player.csproj", "{949FBDF4-5B39-996B-8800-FC717B2364A3}"
EndProject
Project("{FAE04EC0-301F-11D3-BF4B-00C04F79EFBC}") = "Unity.2D.Animation.Triangle.Runtime", "Unity.2D.Animation.Triangle.Runtime.Player.csproj", "{242A3686-4235-023B-EF0A-1B3089E50F0D}"
EndProject
Project("{FAE04EC0-301F-11D3-BF4B-00C04F79EFBC}") = "Unity.Timeline", "Unity.Timeline.Player.csproj", "{BEF49087-5ECF-21C3-4364-3C47D745D576}"
EndProject
Project("{FAE04EC0-301F-11D3-BF4B-00C04F79EFBC}") = "Unity.TextMeshPro", "Unity.TextMeshPro.Player.csproj", "{37BFB76F-BDC0-E97B-D0A8-AEF7274A5E4E}"
EndProject
Project("{FAE04EC0-301F-11D3-BF4B-00C04F79EFBC}") = "Unity.2D.Animation.Runtime", "Unity.2D.Animation.Runtime.Player.csproj", "{E8BB6B84-E5E0-E548-8664-4A43CAFA9908}"
EndProject
Project("{FAE04EC0-301F-11D3-BF4B-00C04F79EFBC}") = "Unity.2D.IK.Runtime", "Unity.2D.IK.Runtime.Player.csproj", "{E1FA242B-8618-12A4-54F9-7004F908B8F6}"
EndProject
Project("{FAE04EC0-301F-11D3-BF4B-00C04F79EFBC}") = "LeanPool", "LeanPool.Player.csproj", "{32DB9FF1-FAEC-65D0-2E37-9608BCF12C1F}"
EndProject
Project("{FAE04EC0-301F-11D3-BF4B-00C04F79EFBC}") = "Unity.2D.SpriteShape.Runtime", "Unity.2D.SpriteShape.Runtime.Player.csproj", "{BE9CF73D-21C5-B941-F0CA-DDFDE4F42058}"
EndProject
Project("{FAE04EC0-301F-11D3-BF4B-00C04F79EFBC}") = "LeanCommon", "LeanCommon.Player.csproj", "{CCF0A6BE-A23A-D5A6-DCD2-FFC789270CC2}"
EndProject
Project("{FAE04EC0-301F-11D3-BF4B-00C04F79EFBC}") = "Unity.2D.PixelPerfect", "Unity.2D.PixelPerfect.Player.csproj", "{A42B2D22-3349-43ED-B283-9AAC02D16353}"
EndProject
Project("{FAE04EC0-301F-11D3-BF4B-00C04F79EFBC}") = "Unity.2D.Common.Runtime", "Unity.2D.Common.Runtime.Player.csproj", "{EFFE56C3-7B0A-4BDA-7FD1-FC8027CD74D0}"
EndProject
Project("{FAE04EC0-301F-11D3-BF4B-00C04F79EFBC}") = "Unity.InternalAPIEngineBridge.001", "Unity.InternalAPIEngineBridge.001.Player.csproj", "{8B9F5628-E8FC-EB3B-C1CF-ABB147DDCC2B}"
EndProject
Global
	GlobalSection(SolutionConfigurationPlatforms) = preSolution
		Debug|Any CPU = Debug|Any CPU
		Release|Any CPU = Release|Any CPU
	EndGlobalSection
	GlobalSection(ProjectConfigurationPlatforms) = postSolution
		{8852B237-26E4-4017-EF99-324ABF78E53B}.Debug|Any CPU.ActiveCfg = Debug|Any CPU
		{8852B237-26E4-4017-EF99-324ABF78E53B}.Debug|Any CPU.Build.0 = Debug|Any CPU
		{8852B237-26E4-4017-EF99-324ABF78E53B}.Release|Any CPU.ActiveCfg = Release|Any CPU
		{8852B237-26E4-4017-EF99-324ABF78E53B}.Release|Any CPU.Build.0 = Release|Any CPU
		{D4E22488-3D3E-0EAF-B972-FE4B764A4EEA}.Debug|Any CPU.ActiveCfg = Debug|Any CPU
		{D4E22488-3D3E-0EAF-B972-FE4B764A4EEA}.Debug|Any CPU.Build.0 = Debug|Any CPU
		{D4E22488-3D3E-0EAF-B972-FE4B764A4EEA}.Release|Any CPU.ActiveCfg = Release|Any CPU
		{D4E22488-3D3E-0EAF-B972-FE4B764A4EEA}.Release|Any CPU.Build.0 = Release|Any CPU
		{30760632-3DCE-9C25-E6CD-152219D4FBA6}.Debug|Any CPU.ActiveCfg = Debug|Any CPU
		{30760632-3DCE-9C25-E6CD-152219D4FBA6}.Debug|Any CPU.Build.0 = Debug|Any CPU
		{30760632-3DCE-9C25-E6CD-152219D4FBA6}.Release|Any CPU.ActiveCfg = Release|Any CPU
		{30760632-3DCE-9C25-E6CD-152219D4FBA6}.Release|Any CPU.Build.0 = Release|Any CPU
		{E8520AD6-D521-FABA-37BC-83CE0C6B0C27}.Debug|Any CPU.ActiveCfg = Debug|Any CPU
		{E8520AD6-D521-FABA-37BC-83CE0C6B0C27}.Debug|Any CPU.Build.0 = Debug|Any CPU
		{E8520AD6-D521-FABA-37BC-83CE0C6B0C27}.Release|Any CPU.ActiveCfg = Release|Any CPU
		{E8520AD6-D521-FABA-37BC-83CE0C6B0C27}.Release|Any CPU.Build.0 = Release|Any CPU
		{8EB65612-F080-546C-480B-27917751C11C}.Debug|Any CPU.ActiveCfg = Debug|Any CPU
		{8EB65612-F080-546C-480B-27917751C11C}.Debug|Any CPU.Build.0 = Debug|Any CPU
		{8EB65612-F080-546C-480B-27917751C11C}.Release|Any CPU.ActiveCfg = Release|Any CPU
		{8EB65612-F080-546C-480B-27917751C11C}.Release|Any CPU.Build.0 = Release|Any CPU
		{B7718836-507D-75B8-7EB3-B0E9ABB8F4BC}.Debug|Any CPU.ActiveCfg = Debug|Any CPU
		{B7718836-507D-75B8-7EB3-B0E9ABB8F4BC}.Debug|Any CPU.Build.0 = Debug|Any CPU
		{B7718836-507D-75B8-7EB3-B0E9ABB8F4BC}.Release|Any CPU.ActiveCfg = Release|Any CPU
		{B7718836-507D-75B8-7EB3-B0E9ABB8F4BC}.Release|Any CPU.Build.0 = Release|Any CPU
		{6F1E5B09-F4D9-4750-C420-12352A604AC8}.Debug|Any CPU.ActiveCfg = Debug|Any CPU
		{6F1E5B09-F4D9-4750-C420-12352A604AC8}.Debug|Any CPU.Build.0 = Debug|Any CPU
		{6F1E5B09-F4D9-4750-C420-12352A604AC8}.Release|Any CPU.ActiveCfg = Release|Any CPU
		{6F1E5B09-F4D9-4750-C420-12352A604AC8}.Release|Any CPU.Build.0 = Release|Any CPU
		{237AB78E-FDA5-F43B-E03D-B70F3EC70637}.Debug|Any CPU.ActiveCfg = Debug|Any CPU
		{237AB78E-FDA5-F43B-E03D-B70F3EC70637}.Debug|Any CPU.Build.0 = Debug|Any CPU
		{237AB78E-FDA5-F43B-E03D-B70F3EC70637}.Release|Any CPU.ActiveCfg = Release|Any CPU
		{237AB78E-FDA5-F43B-E03D-B70F3EC70637}.Release|Any CPU.Build.0 = Release|Any CPU
		{8AC4D93E-30C4-C718-124E-F10A8831FE02}.Debug|Any CPU.ActiveCfg = Debug|Any CPU
		{8AC4D93E-30C4-C718-124E-F10A8831FE02}.Debug|Any CPU.Build.0 = Debug|Any CPU
		{8AC4D93E-30C4-C718-124E-F10A8831FE02}.Release|Any CPU.ActiveCfg = Release|Any CPU
		{8AC4D93E-30C4-C718-124E-F10A8831FE02}.Release|Any CPU.Build.0 = Release|Any CPU
		{3744ECA6-5BD3-D670-5AB7-3040E1AC26F8}.Debug|Any CPU.ActiveCfg = Debug|Any CPU
		{3744ECA6-5BD3-D670-5AB7-3040E1AC26F8}.Debug|Any CPU.Build.0 = Debug|Any CPU
		{3744ECA6-5BD3-D670-5AB7-3040E1AC26F8}.Release|Any CPU.ActiveCfg = Release|Any CPU
		{3744ECA6-5BD3-D670-5AB7-3040E1AC26F8}.Release|Any CPU.Build.0 = Release|Any CPU
		{9A2293B7-6CB0-6D84-C2DA-539F9B11DE1D}.Debug|Any CPU.ActiveCfg = Debug|Any CPU
		{9A2293B7-6CB0-6D84-C2DA-539F9B11DE1D}.Debug|Any CPU.Build.0 = Debug|Any CPU
		{9A2293B7-6CB0-6D84-C2DA-539F9B11DE1D}.Release|Any CPU.ActiveCfg = Release|Any CPU
		{9A2293B7-6CB0-6D84-C2DA-539F9B11DE1D}.Release|Any CPU.Build.0 = Release|Any CPU
		{FF5F0B74-CB8E-8BAE-3D8E-E8CE5365286A}.Debug|Any CPU.ActiveCfg = Debug|Any CPU
		{FF5F0B74-CB8E-8BAE-3D8E-E8CE5365286A}.Debug|Any CPU.Build.0 = Debug|Any CPU
		{FF5F0B74-CB8E-8BAE-3D8E-E8CE5365286A}.Release|Any CPU.ActiveCfg = Release|Any CPU
		{FF5F0B74-CB8E-8BAE-3D8E-E8CE5365286A}.Release|Any CPU.Build.0 = Release|Any CPU
		{326FAEF8-AD3B-ED28-66CA-B1896A764A07}.Debug|Any CPU.ActiveCfg = Debug|Any CPU
		{326FAEF8-AD3B-ED28-66CA-B1896A764A07}.Debug|Any CPU.Build.0 = Debug|Any CPU
		{326FAEF8-AD3B-ED28-66CA-B1896A764A07}.Release|Any CPU.ActiveCfg = Release|Any CPU
		{326FAEF8-AD3B-ED28-66CA-B1896A764A07}.Release|Any CPU.Build.0 = Release|Any CPU
		{A10737F8-F7B2-B1F0-0F42-7EFAA39FD0DD}.Debug|Any CPU.ActiveCfg = Debug|Any CPU
		{A10737F8-F7B2-B1F0-0F42-7EFAA39FD0DD}.Debug|Any CPU.Build.0 = Debug|Any CPU
		{A10737F8-F7B2-B1F0-0F42-7EFAA39FD0DD}.Release|Any CPU.ActiveCfg = Release|Any CPU
		{A10737F8-F7B2-B1F0-0F42-7EFAA39FD0DD}.Release|Any CPU.Build.0 = Release|Any CPU
		{5A5D7748-C2E2-E21E-CC1C-27981CDFAE57}.Debug|Any CPU.ActiveCfg = Debug|Any CPU
		{5A5D7748-C2E2-E21E-CC1C-27981CDFAE57}.Debug|Any CPU.Build.0 = Debug|Any CPU
		{5A5D7748-C2E2-E21E-CC1C-27981CDFAE57}.Release|Any CPU.ActiveCfg = Release|Any CPU
		{5A5D7748-C2E2-E21E-CC1C-27981CDFAE57}.Release|Any CPU.Build.0 = Release|Any CPU
		{D328E669-0768-FEFE-4D57-4531F37CA774}.Debug|Any CPU.ActiveCfg = Debug|Any CPU
		{D328E669-0768-FEFE-4D57-4531F37CA774}.Debug|Any CPU.Build.0 = Debug|Any CPU
		{D328E669-0768-FEFE-4D57-4531F37CA774}.Release|Any CPU.ActiveCfg = Release|Any CPU
		{D328E669-0768-FEFE-4D57-4531F37CA774}.Release|Any CPU.Build.0 = Release|Any CPU
		{A27838C7-E91C-9E72-5D79-0CD5A91860A1}.Debug|Any CPU.ActiveCfg = Debug|Any CPU
		{A27838C7-E91C-9E72-5D79-0CD5A91860A1}.Debug|Any CPU.Build.0 = Debug|Any CPU
		{A27838C7-E91C-9E72-5D79-0CD5A91860A1}.Release|Any CPU.ActiveCfg = Release|Any CPU
		{A27838C7-E91C-9E72-5D79-0CD5A91860A1}.Release|Any CPU.Build.0 = Release|Any CPU
		{FD8CD86E-4F28-6B28-B153-262F8F680B38}.Debug|Any CPU.ActiveCfg = Debug|Any CPU
		{FD8CD86E-4F28-6B28-B153-262F8F680B38}.Debug|Any CPU.Build.0 = Debug|Any CPU
		{FD8CD86E-4F28-6B28-B153-262F8F680B38}.Release|Any CPU.ActiveCfg = Release|Any CPU
		{FD8CD86E-4F28-6B28-B153-262F8F680B38}.Release|Any CPU.Build.0 = Release|Any CPU
		{797E592E-0225-3E24-C709-112B7D6A59B4}.Debug|Any CPU.ActiveCfg = Debug|Any CPU
		{797E592E-0225-3E24-C709-112B7D6A59B4}.Debug|Any CPU.Build.0 = Debug|Any CPU
		{797E592E-0225-3E24-C709-112B7D6A59B4}.Release|Any CPU.ActiveCfg = Release|Any CPU
		{797E592E-0225-3E24-C709-112B7D6A59B4}.Release|Any CPU.Build.0 = Release|Any CPU
		{AACF9F79-4EBE-9D46-0D2D-D48CEC02BBF2}.Debug|Any CPU.ActiveCfg = Debug|Any CPU
		{AACF9F79-4EBE-9D46-0D2D-D48CEC02BBF2}.Debug|Any CPU.Build.0 = Debug|Any CPU
		{AACF9F79-4EBE-9D46-0D2D-D48CEC02BBF2}.Release|Any CPU.ActiveCfg = Release|Any CPU
		{AACF9F79-4EBE-9D46-0D2D-D48CEC02BBF2}.Release|Any CPU.Build.0 = Release|Any CPU
		{5792077C-E55E-1827-687F-05E1E3B5595F}.Debug|Any CPU.ActiveCfg = Debug|Any CPU
		{5792077C-E55E-1827-687F-05E1E3B5595F}.Debug|Any CPU.Build.0 = Debug|Any CPU
		{5792077C-E55E-1827-687F-05E1E3B5595F}.Release|Any CPU.ActiveCfg = Release|Any CPU
		{5792077C-E55E-1827-687F-05E1E3B5595F}.Release|Any CPU.Build.0 = Release|Any CPU
		{7EB3FCEB-DB74-E1A2-E712-A9AFA2CF6FC6}.Debug|Any CPU.ActiveCfg = Debug|Any CPU
		{7EB3FCEB-DB74-E1A2-E712-A9AFA2CF6FC6}.Debug|Any CPU.Build.0 = Debug|Any CPU
		{7EB3FCEB-DB74-E1A2-E712-A9AFA2CF6FC6}.Release|Any CPU.ActiveCfg = Release|Any CPU
		{7EB3FCEB-DB74-E1A2-E712-A9AFA2CF6FC6}.Release|Any CPU.Build.0 = Release|Any CPU
		{7A8F9A51-1F3E-FFDC-37BC-2FC097712862}.Debug|Any CPU.ActiveCfg = Debug|Any CPU
		{7A8F9A51-1F3E-FFDC-37BC-2FC097712862}.Debug|Any CPU.Build.0 = Debug|Any CPU
		{7A8F9A51-1F3E-FFDC-37BC-2FC097712862}.Release|Any CPU.ActiveCfg = Release|Any CPU
		{7A8F9A51-1F3E-FFDC-37BC-2FC097712862}.Release|Any CPU.Build.0 = Release|Any CPU
		{A0F54A7C-850C-05D6-4AA0-CD8E3AD1CDB5}.Debug|Any CPU.ActiveCfg = Debug|Any CPU
		{A0F54A7C-850C-05D6-4AA0-CD8E3AD1CDB5}.Debug|Any CPU.Build.0 = Debug|Any CPU
		{A0F54A7C-850C-05D6-4AA0-CD8E3AD1CDB5}.Release|Any CPU.ActiveCfg = Release|Any CPU
		{A0F54A7C-850C-05D6-4AA0-CD8E3AD1CDB5}.Release|Any CPU.Build.0 = Release|Any CPU
		{D8436E97-6FD0-51C9-DDA9-687053D0143E}.Debug|Any CPU.ActiveCfg = Debug|Any CPU
		{D8436E97-6FD0-51C9-DDA9-687053D0143E}.Debug|Any CPU.Build.0 = Debug|Any CPU
		{D8436E97-6FD0-51C9-DDA9-687053D0143E}.Release|Any CPU.ActiveCfg = Release|Any CPU
		{D8436E97-6FD0-51C9-DDA9-687053D0143E}.Release|Any CPU.Build.0 = Release|Any CPU
		{5826A04B-3EDC-953B-4D60-B086F15E184A}.Debug|Any CPU.ActiveCfg = Debug|Any CPU
		{5826A04B-3EDC-953B-4D60-B086F15E184A}.Debug|Any CPU.Build.0 = Debug|Any CPU
		{5826A04B-3EDC-953B-4D60-B086F15E184A}.Release|Any CPU.ActiveCfg = Release|Any CPU
		{5826A04B-3EDC-953B-4D60-B086F15E184A}.Release|Any CPU.Build.0 = Release|Any CPU
		{DCE5ED29-42FD-C774-FC10-AC999ADEF01B}.Debug|Any CPU.ActiveCfg = Debug|Any CPU
		{DCE5ED29-42FD-C774-FC10-AC999ADEF01B}.Debug|Any CPU.Build.0 = Debug|Any CPU
		{DCE5ED29-42FD-C774-FC10-AC999ADEF01B}.Release|Any CPU.ActiveCfg = Release|Any CPU
		{DCE5ED29-42FD-C774-FC10-AC999ADEF01B}.Release|Any CPU.Build.0 = Release|Any CPU
		{CBB4DEDD-3BEA-9A97-482F-BA555F7E59FF}.Debug|Any CPU.ActiveCfg = Debug|Any CPU
		{CBB4DEDD-3BEA-9A97-482F-BA555F7E59FF}.Debug|Any CPU.Build.0 = Debug|Any CPU
		{CBB4DEDD-3BEA-9A97-482F-BA555F7E59FF}.Release|Any CPU.ActiveCfg = Release|Any CPU
		{CBB4DEDD-3BEA-9A97-482F-BA555F7E59FF}.Release|Any CPU.Build.0 = Release|Any CPU
		{22735709-23DC-40B5-6927-6D00F2F803A7}.Debug|Any CPU.ActiveCfg = Debug|Any CPU
		{22735709-23DC-40B5-6927-6D00F2F803A7}.Debug|Any CPU.Build.0 = Debug|Any CPU
		{22735709-23DC-40B5-6927-6D00F2F803A7}.Release|Any CPU.ActiveCfg = Release|Any CPU
		{22735709-23DC-40B5-6927-6D00F2F803A7}.Release|Any CPU.Build.0 = Release|Any CPU
		{EE4A23F5-E9DC-EEA1-B994-4D75C178E740}.Debug|Any CPU.ActiveCfg = Debug|Any CPU
		{EE4A23F5-E9DC-EEA1-B994-4D75C178E740}.Debug|Any CPU.Build.0 = Debug|Any CPU
		{EE4A23F5-E9DC-EEA1-B994-4D75C178E740}.Release|Any CPU.ActiveCfg = Release|Any CPU
		{EE4A23F5-E9DC-EEA1-B994-4D75C178E740}.Release|Any CPU.Build.0 = Release|Any CPU
		{FC69D19E-A358-35E5-93E0-198F8823EFA7}.Debug|Any CPU.ActiveCfg = Debug|Any CPU
		{FC69D19E-A358-35E5-93E0-198F8823EFA7}.Debug|Any CPU.Build.0 = Debug|Any CPU
		{FC69D19E-A358-35E5-93E0-198F8823EFA7}.Release|Any CPU.ActiveCfg = Release|Any CPU
		{FC69D19E-A358-35E5-93E0-198F8823EFA7}.Release|Any CPU.Build.0 = Release|Any CPU
		{0BC37EF8-3126-F95A-8109-818B1C65192C}.Debug|Any CPU.ActiveCfg = Debug|Any CPU
		{0BC37EF8-3126-F95A-8109-818B1C65192C}.Debug|Any CPU.Build.0 = Debug|Any CPU
		{0BC37EF8-3126-F95A-8109-818B1C65192C}.Release|Any CPU.ActiveCfg = Release|Any CPU
		{0BC37EF8-3126-F95A-8109-818B1C65192C}.Release|Any CPU.Build.0 = Release|Any CPU
		{183039C1-310E-1F68-43CC-EB93A89F6AFC}.Debug|Any CPU.ActiveCfg = Debug|Any CPU
		{183039C1-310E-1F68-43CC-EB93A89F6AFC}.Debug|Any CPU.Build.0 = Debug|Any CPU
		{183039C1-310E-1F68-43CC-EB93A89F6AFC}.Release|Any CPU.ActiveCfg = Release|Any CPU
		{183039C1-310E-1F68-43CC-EB93A89F6AFC}.Release|Any CPU.Build.0 = Release|Any CPU
		{59C08396-2013-F8B6-7319-F56583077F57}.Debug|Any CPU.ActiveCfg = Debug|Any CPU
		{59C08396-2013-F8B6-7319-F56583077F57}.Debug|Any CPU.Build.0 = Debug|Any CPU
		{59C08396-2013-F8B6-7319-F56583077F57}.Release|Any CPU.ActiveCfg = Release|Any CPU
		{59C08396-2013-F8B6-7319-F56583077F57}.Release|Any CPU.Build.0 = Release|Any CPU
		{EE4729D1-ED30-E524-2DB3-91D3B4810ACA}.Debug|Any CPU.ActiveCfg = Debug|Any CPU
		{EE4729D1-ED30-E524-2DB3-91D3B4810ACA}.Debug|Any CPU.Build.0 = Debug|Any CPU
		{EE4729D1-ED30-E524-2DB3-91D3B4810ACA}.Release|Any CPU.ActiveCfg = Release|Any CPU
		{EE4729D1-ED30-E524-2DB3-91D3B4810ACA}.Release|Any CPU.Build.0 = Release|Any CPU
		{053A1339-3283-020B-2CD0-AC9029B39116}.Debug|Any CPU.ActiveCfg = Debug|Any CPU
		{053A1339-3283-020B-2CD0-AC9029B39116}.Debug|Any CPU.Build.0 = Debug|Any CPU
		{053A1339-3283-020B-2CD0-AC9029B39116}.Release|Any CPU.ActiveCfg = Release|Any CPU
		{053A1339-3283-020B-2CD0-AC9029B39116}.Release|Any CPU.Build.0 = Release|Any CPU
		{56363A4D-EEBC-5876-E18C-F23BB8833EA2}.Debug|Any CPU.ActiveCfg = Debug|Any CPU
		{56363A4D-EEBC-5876-E18C-F23BB8833EA2}.Debug|Any CPU.Build.0 = Debug|Any CPU
		{56363A4D-EEBC-5876-E18C-F23BB8833EA2}.Release|Any CPU.ActiveCfg = Release|Any CPU
		{56363A4D-EEBC-5876-E18C-F23BB8833EA2}.Release|Any CPU.Build.0 = Release|Any CPU
		{88F8809A-7E33-01B8-0FF7-A6E12E9DB91F}.Debug|Any CPU.ActiveCfg = Debug|Any CPU
		{88F8809A-7E33-01B8-0FF7-A6E12E9DB91F}.Debug|Any CPU.Build.0 = Debug|Any CPU
		{88F8809A-7E33-01B8-0FF7-A6E12E9DB91F}.Release|Any CPU.ActiveCfg = Release|Any CPU
		{88F8809A-7E33-01B8-0FF7-A6E12E9DB91F}.Release|Any CPU.Build.0 = Release|Any CPU
		{1D8AFB66-3B13-17A2-3CDA-978EB64ABC7A}.Debug|Any CPU.ActiveCfg = Debug|Any CPU
		{1D8AFB66-3B13-17A2-3CDA-978EB64ABC7A}.Debug|Any CPU.Build.0 = Debug|Any CPU
		{1D8AFB66-3B13-17A2-3CDA-978EB64ABC7A}.Release|Any CPU.ActiveCfg = Release|Any CPU
		{1D8AFB66-3B13-17A2-3CDA-978EB64ABC7A}.Release|Any CPU.Build.0 = Release|Any CPU
		{6D70CACC-45F6-6C38-1062-570FC55CF7F7}.Debug|Any CPU.ActiveCfg = Debug|Any CPU
		{6D70CACC-45F6-6C38-1062-570FC55CF7F7}.Debug|Any CPU.Build.0 = Debug|Any CPU
		{6D70CACC-45F6-6C38-1062-570FC55CF7F7}.Release|Any CPU.ActiveCfg = Release|Any CPU
		{6D70CACC-45F6-6C38-1062-570FC55CF7F7}.Release|Any CPU.Build.0 = Release|Any CPU
		{35D89D64-AC83-1255-4182-991F1B755BA3}.Debug|Any CPU.ActiveCfg = Debug|Any CPU
		{35D89D64-AC83-1255-4182-991F1B755BA3}.Debug|Any CPU.Build.0 = Debug|Any CPU
		{35D89D64-AC83-1255-4182-991F1B755BA3}.Release|Any CPU.ActiveCfg = Release|Any CPU
		{35D89D64-AC83-1255-4182-991F1B755BA3}.Release|Any CPU.Build.0 = Release|Any CPU
		{4E20C2CF-A771-CDBA-3A90-1BD006585D58}.Debug|Any CPU.ActiveCfg = Debug|Any CPU
		{4E20C2CF-A771-CDBA-3A90-1BD006585D58}.Debug|Any CPU.Build.0 = Debug|Any CPU
		{4E20C2CF-A771-CDBA-3A90-1BD006585D58}.Release|Any CPU.ActiveCfg = Release|Any CPU
		{4E20C2CF-A771-CDBA-3A90-1BD006585D58}.Release|Any CPU.Build.0 = Release|Any CPU
		{1C7C6371-0B94-0AC4-2E15-2BD291D060CB}.Debug|Any CPU.ActiveCfg = Debug|Any CPU
		{1C7C6371-0B94-0AC4-2E15-2BD291D060CB}.Debug|Any CPU.Build.0 = Debug|Any CPU
		{1C7C6371-0B94-0AC4-2E15-2BD291D060CB}.Release|Any CPU.ActiveCfg = Release|Any CPU
		{1C7C6371-0B94-0AC4-2E15-2BD291D060CB}.Release|Any CPU.Build.0 = Release|Any CPU
		{949FBDF4-5B39-996B-8800-FC717B2364A3}.Debug|Any CPU.ActiveCfg = Debug|Any CPU
		{949FBDF4-5B39-996B-8800-FC717B2364A3}.Debug|Any CPU.Build.0 = Debug|Any CPU
		{949FBDF4-5B39-996B-8800-FC717B2364A3}.Release|Any CPU.ActiveCfg = Release|Any CPU
		{949FBDF4-5B39-996B-8800-FC717B2364A3}.Release|Any CPU.Build.0 = Release|Any CPU
		{242A3686-4235-023B-EF0A-1B3089E50F0D}.Debug|Any CPU.ActiveCfg = Debug|Any CPU
		{242A3686-4235-023B-EF0A-1B3089E50F0D}.Debug|Any CPU.Build.0 = Debug|Any CPU
		{242A3686-4235-023B-EF0A-1B3089E50F0D}.Release|Any CPU.ActiveCfg = Release|Any CPU
		{242A3686-4235-023B-EF0A-1B3089E50F0D}.Release|Any CPU.Build.0 = Release|Any CPU
		{BEF49087-5ECF-21C3-4364-3C47D745D576}.Debug|Any CPU.ActiveCfg = Debug|Any CPU
		{BEF49087-5ECF-21C3-4364-3C47D745D576}.Debug|Any CPU.Build.0 = Debug|Any CPU
		{BEF49087-5ECF-21C3-4364-3C47D745D576}.Release|Any CPU.ActiveCfg = Release|Any CPU
		{BEF49087-5ECF-21C3-4364-3C47D745D576}.Release|Any CPU.Build.0 = Release|Any CPU
		{37BFB76F-BDC0-E97B-D0A8-AEF7274A5E4E}.Debug|Any CPU.ActiveCfg = Debug|Any CPU
		{37BFB76F-BDC0-E97B-D0A8-AEF7274A5E4E}.Debug|Any CPU.Build.0 = Debug|Any CPU
		{37BFB76F-BDC0-E97B-D0A8-AEF7274A5E4E}.Release|Any CPU.ActiveCfg = Release|Any CPU
		{37BFB76F-BDC0-E97B-D0A8-AEF7274A5E4E}.Release|Any CPU.Build.0 = Release|Any CPU
		{E8BB6B84-E5E0-E548-8664-4A43CAFA9908}.Debug|Any CPU.ActiveCfg = Debug|Any CPU
		{E8BB6B84-E5E0-E548-8664-4A43CAFA9908}.Debug|Any CPU.Build.0 = Debug|Any CPU
		{E8BB6B84-E5E0-E548-8664-4A43CAFA9908}.Release|Any CPU.ActiveCfg = Release|Any CPU
		{E8BB6B84-E5E0-E548-8664-4A43CAFA9908}.Release|Any CPU.Build.0 = Release|Any CPU
		{E1FA242B-8618-12A4-54F9-7004F908B8F6}.Debug|Any CPU.ActiveCfg = Debug|Any CPU
		{E1FA242B-8618-12A4-54F9-7004F908B8F6}.Debug|Any CPU.Build.0 = Debug|Any CPU
		{E1FA242B-8618-12A4-54F9-7004F908B8F6}.Release|Any CPU.ActiveCfg = Release|Any CPU
		{E1FA242B-8618-12A4-54F9-7004F908B8F6}.Release|Any CPU.Build.0 = Release|Any CPU
		{32DB9FF1-FAEC-65D0-2E37-9608BCF12C1F}.Debug|Any CPU.ActiveCfg = Debug|Any CPU
		{32DB9FF1-FAEC-65D0-2E37-9608BCF12C1F}.Debug|Any CPU.Build.0 = Debug|Any CPU
		{32DB9FF1-FAEC-65D0-2E37-9608BCF12C1F}.Release|Any CPU.ActiveCfg = Release|Any CPU
		{32DB9FF1-FAEC-65D0-2E37-9608BCF12C1F}.Release|Any CPU.Build.0 = Release|Any CPU
		{BE9CF73D-21C5-B941-F0CA-DDFDE4F42058}.Debug|Any CPU.ActiveCfg = Debug|Any CPU
		{BE9CF73D-21C5-B941-F0CA-DDFDE4F42058}.Debug|Any CPU.Build.0 = Debug|Any CPU
		{BE9CF73D-21C5-B941-F0CA-DDFDE4F42058}.Release|Any CPU.ActiveCfg = Release|Any CPU
		{BE9CF73D-21C5-B941-F0CA-DDFDE4F42058}.Release|Any CPU.Build.0 = Release|Any CPU
		{CCF0A6BE-A23A-D5A6-DCD2-FFC789270CC2}.Debug|Any CPU.ActiveCfg = Debug|Any CPU
		{CCF0A6BE-A23A-D5A6-DCD2-FFC789270CC2}.Debug|Any CPU.Build.0 = Debug|Any CPU
		{CCF0A6BE-A23A-D5A6-DCD2-FFC789270CC2}.Release|Any CPU.ActiveCfg = Release|Any CPU
		{CCF0A6BE-A23A-D5A6-DCD2-FFC789270CC2}.Release|Any CPU.Build.0 = Release|Any CPU
		{A42B2D22-3349-43ED-B283-9AAC02D16353}.Debug|Any CPU.ActiveCfg = Debug|Any CPU
		{A42B2D22-3349-43ED-B283-9AAC02D16353}.Debug|Any CPU.Build.0 = Debug|Any CPU
		{A42B2D22-3349-43ED-B283-9AAC02D16353}.Release|Any CPU.ActiveCfg = Release|Any CPU
		{A42B2D22-3349-43ED-B283-9AAC02D16353}.Release|Any CPU.Build.0 = Release|Any CPU
		{EFFE56C3-7B0A-4BDA-7FD1-FC8027CD74D0}.Debug|Any CPU.ActiveCfg = Debug|Any CPU
		{EFFE56C3-7B0A-4BDA-7FD1-FC8027CD74D0}.Debug|Any CPU.Build.0 = Debug|Any CPU
		{EFFE56C3-7B0A-4BDA-7FD1-FC8027CD74D0}.Release|Any CPU.ActiveCfg = Release|Any CPU
		{EFFE56C3-7B0A-4BDA-7FD1-FC8027CD74D0}.Release|Any CPU.Build.0 = Release|Any CPU
		{8B9F5628-E8FC-EB3B-C1CF-ABB147DDCC2B}.Debug|Any CPU.ActiveCfg = Debug|Any CPU
		{8B9F5628-E8FC-EB3B-C1CF-ABB147DDCC2B}.Debug|Any CPU.Build.0 = Debug|Any CPU
		{8B9F5628-E8FC-EB3B-C1CF-ABB147DDCC2B}.Release|Any CPU.ActiveCfg = Release|Any CPU
		{8B9F5628-E8FC-EB3B-C1CF-ABB147DDCC2B}.Release|Any CPU.Build.0 = Release|Any CPU
	EndGlobalSection
	GlobalSection(SolutionProperties) = preSolution
		HideSolutionNode = FALSE
	EndGlobalSection
EndGlobal
